<?xml version="1.0" encoding="utf-8"?>
<Project ToolsVersion="4.0" xmlns="http://schemas.microsoft.com/developer/msbuild/2003">
  <ItemGroup>
    <Filter Include="Source Files">
      <UniqueIdentifier>{4FC737F1-C7A5-4376-A066-2A32D752A2FF}</UniqueIdentifier>
      <Extensions>cpp;c;cc;cxx;def;odl;idl;hpj;bat;asm;asmx</Extensions>
    </Filter>
    <Filter Include="Header Files">
      <UniqueIdentifier>{93995380-89BD-4b04-88EB-625FBE52EBFB}</UniqueIdentifier>
      <Extensions>h;hpp;hxx;hm;inl;inc;xsd</Extensions>
    </Filter>
    <Filter Include="Resource Files">
      <UniqueIdentifier>{67DA6AB6-F800-4c08-8B7A-83BB121AAD01}</UniqueIdentifier>
      <Extensions>rc;ico;cur;bmp;dlg;rc2;rct;bin;rgs;gif;jpg;jpeg;jpe;resx;tiff;tif;png;wav;mfcribbon-ms</Extensions>
    </Filter>
  </ItemGroup>
  <ItemGroup>
    <ClCompile Include="main.cpp">
      <Filter>Source Files</Filter>
    </ClCompile>
    <ClCompile Include="IWear_Tracking.cpp">
      <Filter>Source Files</Filter>
    </ClCompile>
    <ClCompile Include="InputHMD.cpp">
      <Filter>Source Files</Filter>
    </ClCompile>
    <ClCompile Include="Standard.cpp">
      <Filter>Source Files</Filter>
    </ClCompile>
    <ClCompile Include="IrrlichtMgr.cpp">
      <Filter>Source Files</Filter>
    </ClCompile>
    <ClCompile Include="CameraMgr.cpp">
      <Filter>Source Files</Filter>
    </ClCompile>
    <ClCompile Include="ModelMgr.cpp">
      <Filter>Source Files</Filter>
    </ClCompile>
    <ClCompile Include="NetworkMgr.cpp">
      <Filter>Source Files</Filter>
    </ClCompile>
    <ClCompile Include="message.cpp">
      <Filter>Source Files</Filter>
    </ClCompile>
  </ItemGroup>
  <ItemGroup>
    <ClInclude Include="IWear_Tracking.h">
      <Filter>Header Files</Filter>
    </ClInclude>
    <ClInclude Include="InputHMD.h">
      <Filter>Header Files</Filter>
    </ClInclude>
    <ClInclude Include="IrrlichtMgr.h">
      <Filter>Header Files</Filter>
    </ClInclude>
    <ClInclude Include="Standard.h">
      <Filter>Header Files</Filter>
    </ClInclude>
    <ClInclude Include="CameraMgr.h">
      <Filter>Header Files</Filter>
    </ClInclude>
    <ClInclude Include="ModelMgr.h">
      <Filter>Header Files</Filter>
    </ClInclude>
    <ClInclude Include="NetworkMgr.h">
      <Filter>Header Files</Filter>
    </ClInclude>
    <ClInclude Include="AllMsg.h">
      <Filter>Header Files</Filter>
    </ClInclude>
    <ClInclude Include="message.hpp">
      <Filter>Header Files</Filter>
    </ClInclude>
    <ClInclude Include="ObjectsMgr.h">
      <Filter>Header Files</Filter>
    </ClInclude>
  </ItemGroup>
</Project>